
Microsoft Visual Studio Solution File, Format Version 12.00
# Visual Studio Version 17
VisualStudioVersion = 17.9.34607.119
MinimumVisualStudioVersion = 10.0.40219.1
Project("{FAE04EC0-301F-11D3-BF4B-00C04F79EFBC}") = "4", "4\4.csproj", "{B8952016-8FAD-49A6-8F33-8FAA3609BEA8}"
EndProject
Global
	GlobalSection(SolutionConfigurationPlatforms) = preSolution
		Debug|Any CPU = Debug|Any CPU
		Release|Any CPU = Release|Any CPU
	EndGlobalSection
	GlobalSection(ProjectConfigurationPlatforms) = postSolution
		{B8952016-8FAD-49A6-8F33-8FAA3609BEA8}.Debug|Any CPU.ActiveCfg = Debug|Any CPU
		{B8952016-8FAD-49A6-8F33-8FAA3609BEA8}.Debug|Any CPU.Build.0 = Debug|Any CPU
		{B8952016-8FAD-49A6-8F33-8FAA3609BEA8}.Release|Any CPU.ActiveCfg = Release|Any CPU
		{B8952016-8FAD-49A6-8F33-8FAA3609BEA8}.Release|Any CPU.Build.0 = Release|Any CPU
	EndGlobalSection
	GlobalSection(SolutionProperties) = preSolution
		HideSolutionNode = FALSE
	EndGlobalSection
	GlobalSection(ExtensibilityGlobals) = postSolution
		SolutionGuid = {5E42BFCF-4161-4966-8425-70121B75B686}
	EndGlobalSection
EndGlobal
